
Microsoft Visual Studio Solution File, Format Version 12.00
# Visual Studio Version 17
VisualStudioVersion = 17.10.35013.160
MinimumVisualStudioVersion = 10.0.40219.1
Project("{FAE04EC0-301F-11D3-BF4B-00C04F79EFBC}") = "ICT2FirstMVCWebAppCS", "ICT2FirstMVCWebAppCS.csproj", "{AA1CA33E-12A7-4508-97E1-2E68BB6E5840}"
EndProject
Global
	GlobalSection(SolutionConfigurationPlatforms) = preSolution
		Debug|Any CPU = Debug|Any CPU
		Release|Any CPU = Release|Any CPU
	EndGlobalSection
	GlobalSection(ProjectConfigurationPlatforms) = postSolution
		{AA1CA33E-12A7-4508-97E1-2E68BB6E5840}.Debug|Any CPU.ActiveCfg = Debug|Any CPU
		{AA1CA33E-12A7-4508-97E1-2E68BB6E5840}.Debug|Any CPU.Build.0 = Debug|Any CPU
		{AA1CA33E-12A7-4508-97E1-2E68BB6E5840}.Release|Any CPU.ActiveCfg = Release|Any CPU
		{AA1CA33E-12A7-4508-97E1-2E68BB6E5840}.Release|Any CPU.Build.0 = Release|Any CPU
	EndGlobalSection
	GlobalSection(SolutionProperties) = preSolution
		HideSolutionNode = FALSE
	EndGlobalSection
	GlobalSection(ExtensibilityGlobals) = postSolution
		SolutionGuid = {1445E155-3411-40EC-BD1D-B01D2763A3F4}
	EndGlobalSection
EndGlobal
