
Microsoft Visual Studio Solution File, Format Version 12.00
# Visual Studio Version 17
VisualStudioVersion = 17.10.35013.160
MinimumVisualStudioVersion = 10.0.40219.1
Project("{FAE04EC0-301F-11D3-BF4B-00C04F79EFBC}") = "ThreadDemoConAppCS", "ThreadDemoConAppCS.csproj", "{62854ABE-B8D7-4618-B787-7CB306DDF835}"
EndProject
Global
	GlobalSection(SolutionConfigurationPlatforms) = preSolution
		Debug|Any CPU = Debug|Any CPU
		Release|Any CPU = Release|Any CPU
	EndGlobalSection
	GlobalSection(ProjectConfigurationPlatforms) = postSolution
		{62854ABE-B8D7-4618-B787-7CB306DDF835}.Debug|Any CPU.ActiveCfg = Debug|Any CPU
		{62854ABE-B8D7-4618-B787-7CB306DDF835}.Debug|Any CPU.Build.0 = Debug|Any CPU
		{62854ABE-B8D7-4618-B787-7CB306DDF835}.Release|Any CPU.ActiveCfg = Release|Any CPU
		{62854ABE-B8D7-4618-B787-7CB306DDF835}.Release|Any CPU.Build.0 = Release|Any CPU
	EndGlobalSection
	GlobalSection(SolutionProperties) = preSolution
		HideSolutionNode = FALSE
	EndGlobalSection
	GlobalSection(ExtensibilityGlobals) = postSolution
		SolutionGuid = {29298636-F72A-4288-B8F6-1984F6A67AA2}
	EndGlobalSection
EndGlobal
